
Microsoft Visual Studio Solution File, Format Version 12.00
# Visual Studio Version 17
VisualStudioVersion = 17.13.35931.197
MinimumVisualStudioVersion = 10.0.40219.1
Project("{FAE04EC0-301F-11D3-BF4B-00C04F79EFBC}") = "GUI (VMTS)", "GUI (VMTS)\GUI (VMTS).csproj", "{EE867B1C-41A5-4586-9E71-6577667C540F}"
EndProject
Global
	GlobalSection(SolutionConfigurationPlatforms) = preSolution
		Debug|Any CPU = Debug|Any CPU
		Release|Any CPU = Release|Any CPU
	EndGlobalSection
	GlobalSection(ProjectConfigurationPlatforms) = postSolution
		{EE867B1C-41A5-4586-9E71-6577667C540F}.Debug|Any CPU.ActiveCfg = Debug|Any CPU
		{EE867B1C-41A5-4586-9E71-6577667C540F}.Debug|Any CPU.Build.0 = Debug|Any CPU
		{EE867B1C-41A5-4586-9E71-6577667C540F}.Release|Any CPU.ActiveCfg = Release|Any CPU
		{EE867B1C-41A5-4586-9E71-6577667C540F}.Release|Any CPU.Build.0 = Release|Any CPU
	EndGlobalSection
	GlobalSection(SolutionProperties) = preSolution
		HideSolutionNode = FALSE
	EndGlobalSection
	GlobalSection(ExtensibilityGlobals) = postSolution
		SolutionGuid = {E2A7F75D-2310-4CBD-8070-0BB5DD992CB4}
	EndGlobalSection
EndGlobal
